
Microsoft Visual Studio Solution File, Format Version 12.00
Project("{FAE04EC0-301F-11D3-BF4B-00C04F79EFBC}") = "Reports", "Reports.csproj", "{591C019B-359B-4DCE-9E8D-88E1B20053D7}"
EndProject
Global
	GlobalSection(SolutionConfigurationPlatforms) = preSolution
		Debug|Any CPU = Debug|Any CPU
		Release|Any CPU = Release|Any CPU
	EndGlobalSection
	GlobalSection(ProjectConfigurationPlatforms) = postSolution
		{591C019B-359B-4DCE-9E8D-88E1B20053D7}.Debug|Any CPU.ActiveCfg = Debug|Any CPU
		{591C019B-359B-4DCE-9E8D-88E1B20053D7}.Debug|Any CPU.Build.0 = Debug|Any CPU
		{591C019B-359B-4DCE-9E8D-88E1B20053D7}.Release|Any CPU.ActiveCfg = Release|Any CPU
		{591C019B-359B-4DCE-9E8D-88E1B20053D7}.Release|Any CPU.Build.0 = Release|Any CPU
	EndGlobalSection
EndGlobal
